
Microsoft Visual Studio Solution File, Format Version 12.00
# Visual Studio Version 17
VisualStudioVersion = 17.14.37111.16
MinimumVisualStudioVersion = 10.0.40219.1
Project("{FAE04EC0-301F-11D3-BF4B-00C04F79EFBC}") = "GameEngineChecker", "GameEngineChecker\GameEngineChecker.csproj", "{CA1D0577-BE3D-422D-808F-262D77A627DF}"
EndProject
Project("{FAE04EC0-301F-11D3-BF4B-00C04F79EFBC}") = "GameEngineChecker.UnitTests", "GameEngineChecker.UnitTests\GameEngineChecker.UnitTests.csproj", "{AC1FED92-44D4-4527-8DE9-AF4120DB3EF1}"
EndProject
Project("{2150E333-8FDC-42A3-9474-1A3956D46DE8}") = "ci", "ci", "{02EA681E-C7D8-13C7-8484-4AC65E1B71E8}"
	ProjectSection(SolutionItems) = preProject
		ci\Changelog.txt = ci\Changelog.txt
		ci\installer_manifest.yaml = ci\installer_manifest.yaml
		ci\release.bat = ci\release.bat
		ci\Release.md = ci\Release.md
	EndProjectSection
EndProject
Project("{FAE04EC0-301F-11D3-BF4B-00C04F79EFBC}") = "ReleaseTools", "ReleaseTools\ReleaseTools.csproj", "{5C1FF6FE-5A69-4F8D-B161-75F58DB89666}"
EndProject
Project("{FAE04EC0-301F-11D3-BF4B-00C04F79EFBC}") = "ReleaseTools.IntegrationTests", "ReleaseTools.IntegrationTests\ReleaseTools.IntegrationTests.csproj", "{A751BF7A-3F85-4ACC-8524-ADB7A61AD22F}"
EndProject
Project("{FAE04EC0-301F-11D3-BF4B-00C04F79EFBC}") = "ReleaseTools.UnitTests", "ReleaseTools.UnitTests\ReleaseTools.UnitTests.csproj", "{49A9FEC2-B945-4298-96B0-40B4DC2690DC}"
EndProject
Project("{FAE04EC0-301F-11D3-BF4B-00C04F79EFBC}") = "TestTools.Shared", "TestTools.Shared\TestTools.Shared.csproj", "{C19ED708-9B00-48A6-8458-DC3BB109DA7C}"
EndProject
Global
	GlobalSection(SolutionConfigurationPlatforms) = preSolution
		Debug|Any CPU = Debug|Any CPU
		Release|Any CPU = Release|Any CPU
	EndGlobalSection
	GlobalSection(ProjectConfigurationPlatforms) = postSolution
		{CA1D0577-BE3D-422D-808F-262D77A627DF}.Debug|Any CPU.ActiveCfg = Debug|Any CPU
		{CA1D0577-BE3D-422D-808F-262D77A627DF}.Debug|Any CPU.Build.0 = Debug|Any CPU
		{CA1D0577-BE3D-422D-808F-262D77A627DF}.Release|Any CPU.ActiveCfg = Release|Any CPU
		{CA1D0577-BE3D-422D-808F-262D77A627DF}.Release|Any CPU.Build.0 = Release|Any CPU
		{AC1FED92-44D4-4527-8DE9-AF4120DB3EF1}.Debug|Any CPU.ActiveCfg = Debug|Any CPU
		{AC1FED92-44D4-4527-8DE9-AF4120DB3EF1}.Debug|Any CPU.Build.0 = Debug|Any CPU
		{AC1FED92-44D4-4527-8DE9-AF4120DB3EF1}.Release|Any CPU.ActiveCfg = Release|Any CPU
		{AC1FED92-44D4-4527-8DE9-AF4120DB3EF1}.Release|Any CPU.Build.0 = Release|Any CPU
		{5C1FF6FE-5A69-4F8D-B161-75F58DB89666}.Debug|Any CPU.ActiveCfg = Debug|Any CPU
		{5C1FF6FE-5A69-4F8D-B161-75F58DB89666}.Debug|Any CPU.Build.0 = Debug|Any CPU
		{5C1FF6FE-5A69-4F8D-B161-75F58DB89666}.Release|Any CPU.ActiveCfg = Release|Any CPU
		{5C1FF6FE-5A69-4F8D-B161-75F58DB89666}.Release|Any CPU.Build.0 = Release|Any CPU
		{A751BF7A-3F85-4ACC-8524-ADB7A61AD22F}.Debug|Any CPU.ActiveCfg = Debug|Any CPU
		{A751BF7A-3F85-4ACC-8524-ADB7A61AD22F}.Debug|Any CPU.Build.0 = Debug|Any CPU
		{A751BF7A-3F85-4ACC-8524-ADB7A61AD22F}.Release|Any CPU.ActiveCfg = Release|Any CPU
		{A751BF7A-3F85-4ACC-8524-ADB7A61AD22F}.Release|Any CPU.Build.0 = Release|Any CPU
		{49A9FEC2-B945-4298-96B0-40B4DC2690DC}.Debug|Any CPU.ActiveCfg = Debug|Any CPU
		{49A9FEC2-B945-4298-96B0-40B4DC2690DC}.Debug|Any CPU.Build.0 = Debug|Any CPU
		{49A9FEC2-B945-4298-96B0-40B4DC2690DC}.Release|Any CPU.ActiveCfg = Release|Any CPU
		{49A9FEC2-B945-4298-96B0-40B4DC2690DC}.Release|Any CPU.Build.0 = Release|Any CPU
		{C19ED708-9B00-48A6-8458-DC3BB109DA7C}.Debug|Any CPU.ActiveCfg = Debug|Any CPU
		{C19ED708-9B00-48A6-8458-DC3BB109DA7C}.Debug|Any CPU.Build.0 = Debug|Any CPU
		{C19ED708-9B00-48A6-8458-DC3BB109DA7C}.Release|Any CPU.ActiveCfg = Release|Any CPU
		{C19ED708-9B00-48A6-8458-DC3BB109DA7C}.Release|Any CPU.Build.0 = Release|Any CPU
	EndGlobalSection
	GlobalSection(SolutionProperties) = preSolution
		HideSolutionNode = FALSE
	EndGlobalSection
	GlobalSection(ExtensibilityGlobals) = postSolution
		SolutionGuid = {620DAE38-0360-4A4F-A05E-7FE07CD0E592}
	EndGlobalSection
EndGlobal
